
Microsoft Visual Studio Solution File, Format Version 12.00
# Visual Studio Version 17
VisualStudioVersion = 17.5.33516.290
MinimumVisualStudioVersion = 10.0.40219.1
Project("{FAE04EC0-301F-11D3-BF4B-00C04F79EFBC}") = "UnoWebNavigationIssue", "UnoWebNavigationIssue\UnoWebNavigationIssue\UnoWebNavigationIssue.csproj", "{04275243-1868-4AF5-AD46-D7FE7B388C58}"
EndProject
Project("{2150E333-8FDC-42A3-9474-1A3956D46DE8}") = "Platforms", "Platforms", "{C9976488-FE1C-4730-B0A1-568E4F296488}"
EndProject
Project("{9A19103F-16F7-4668-BE54-9A1E7A4F7556}") = "UnoWebNavigationIssue.Windows", "UnoWebNavigationIssue\UnoWebNavigationIssue.Windows\UnoWebNavigationIssue.Windows.csproj", "{CBC45DF8-0855-4040-A589-138387B39A80}"
EndProject
Project("{9A19103F-16F7-4668-BE54-9A1E7A4F7556}") = "UnoWebNavigationIssue.Wasm", "UnoWebNavigationIssue\UnoWebNavigationIssue.Wasm\UnoWebNavigationIssue.Wasm.csproj", "{20B8E675-19CB-479F-BE35-53D34A367862}"
EndProject
Project("{2150E333-8FDC-42A3-9474-1A3956D46DE8}") = "ViewModels", "ViewModels", "{99A70195-9B23-4278-B02E-8A2324E5DC7F}"
EndProject
Project("{FAE04EC0-301F-11D3-BF4B-00C04F79EFBC}") = "ViewModels", "ViewModels\ViewModels.csproj", "{91D071C1-58A8-45CD-96B7-6A489867E0FE}"
EndProject
Project("{FAE04EC0-301F-11D3-BF4B-00C04F79EFBC}") = "ViewModelInterfaces", "ViewModelInterfaces\ViewModelInterfaces.csproj", "{71F9F6EC-3A78-4444-875F-21DF5703C417}"
EndProject
Project("{2150E333-8FDC-42A3-9474-1A3956D46DE8}") = "Services", "Services", "{5E6F3172-6000-425D-ADF7-623B72A9305F}"
EndProject
Project("{FAE04EC0-301F-11D3-BF4B-00C04F79EFBC}") = "ServiceInterfaces", "ServiceInterfaces\ServiceInterfaces.csproj", "{0FF06B3B-130D-402D-AC85-509992F778BE}"
EndProject
Project("{FAE04EC0-301F-11D3-BF4B-00C04F79EFBC}") = "ServicesX", "ServicesX\ServicesX.csproj", "{59439542-E33B-461A-9C76-88F18B04AE58}"
EndProject
Global
	GlobalSection(SolutionConfigurationPlatforms) = preSolution
		Debug|Any CPU = Debug|Any CPU
		Debug|arm64 = Debug|arm64
		Debug|x64 = Debug|x64
		Debug|x86 = Debug|x86
		Release|Any CPU = Release|Any CPU
		Release|arm64 = Release|arm64
		Release|x64 = Release|x64
		Release|x86 = Release|x86
	EndGlobalSection
	GlobalSection(ProjectConfigurationPlatforms) = postSolution
		{04275243-1868-4AF5-AD46-D7FE7B388C58}.Debug|Any CPU.ActiveCfg = Debug|Any CPU
		{04275243-1868-4AF5-AD46-D7FE7B388C58}.Debug|Any CPU.Build.0 = Debug|Any CPU
		{04275243-1868-4AF5-AD46-D7FE7B388C58}.Debug|arm64.ActiveCfg = Debug|Any CPU
		{04275243-1868-4AF5-AD46-D7FE7B388C58}.Debug|arm64.Build.0 = Debug|Any CPU
		{04275243-1868-4AF5-AD46-D7FE7B388C58}.Debug|x64.ActiveCfg = Debug|Any CPU
		{04275243-1868-4AF5-AD46-D7FE7B388C58}.Debug|x64.Build.0 = Debug|Any CPU
		{04275243-1868-4AF5-AD46-D7FE7B388C58}.Debug|x86.ActiveCfg = Debug|Any CPU
		{04275243-1868-4AF5-AD46-D7FE7B388C58}.Debug|x86.Build.0 = Debug|Any CPU
		{04275243-1868-4AF5-AD46-D7FE7B388C58}.Release|Any CPU.ActiveCfg = Release|Any CPU
		{04275243-1868-4AF5-AD46-D7FE7B388C58}.Release|Any CPU.Build.0 = Release|Any CPU
		{04275243-1868-4AF5-AD46-D7FE7B388C58}.Release|arm64.ActiveCfg = Release|Any CPU
		{04275243-1868-4AF5-AD46-D7FE7B388C58}.Release|arm64.Build.0 = Release|Any CPU
		{04275243-1868-4AF5-AD46-D7FE7B388C58}.Release|x64.ActiveCfg = Release|Any CPU
		{04275243-1868-4AF5-AD46-D7FE7B388C58}.Release|x64.Build.0 = Release|Any CPU
		{04275243-1868-4AF5-AD46-D7FE7B388C58}.Release|x86.ActiveCfg = Release|Any CPU
		{04275243-1868-4AF5-AD46-D7FE7B388C58}.Release|x86.Build.0 = Release|Any CPU
		{CBC45DF8-0855-4040-A589-138387B39A80}.Debug|Any CPU.ActiveCfg = Debug|x64
		{CBC45DF8-0855-4040-A589-138387B39A80}.Debug|Any CPU.Build.0 = Debug|x64
		{CBC45DF8-0855-4040-A589-138387B39A80}.Debug|Any CPU.Deploy.0 = Debug|x64
		{CBC45DF8-0855-4040-A589-138387B39A80}.Debug|arm64.ActiveCfg = Debug|arm64
		{CBC45DF8-0855-4040-A589-138387B39A80}.Debug|arm64.Build.0 = Debug|arm64
		{CBC45DF8-0855-4040-A589-138387B39A80}.Debug|arm64.Deploy.0 = Debug|arm64
		{CBC45DF8-0855-4040-A589-138387B39A80}.Debug|x64.ActiveCfg = Debug|x64
		{CBC45DF8-0855-4040-A589-138387B39A80}.Debug|x64.Build.0 = Debug|x64
		{CBC45DF8-0855-4040-A589-138387B39A80}.Debug|x64.Deploy.0 = Debug|x64
		{CBC45DF8-0855-4040-A589-138387B39A80}.Debug|x86.ActiveCfg = Debug|x86
		{CBC45DF8-0855-4040-A589-138387B39A80}.Debug|x86.Build.0 = Debug|x86
		{CBC45DF8-0855-4040-A589-138387B39A80}.Debug|x86.Deploy.0 = Debug|x86
		{CBC45DF8-0855-4040-A589-138387B39A80}.Release|Any CPU.ActiveCfg = Release|x64
		{CBC45DF8-0855-4040-A589-138387B39A80}.Release|Any CPU.Build.0 = Release|x64
		{CBC45DF8-0855-4040-A589-138387B39A80}.Release|Any CPU.Deploy.0 = Release|x64
		{CBC45DF8-0855-4040-A589-138387B39A80}.Release|arm64.ActiveCfg = Release|arm64
		{CBC45DF8-0855-4040-A589-138387B39A80}.Release|arm64.Build.0 = Release|arm64
		{CBC45DF8-0855-4040-A589-138387B39A80}.Release|arm64.Deploy.0 = Release|arm64
		{CBC45DF8-0855-4040-A589-138387B39A80}.Release|x64.ActiveCfg = Release|x64
		{CBC45DF8-0855-4040-A589-138387B39A80}.Release|x64.Build.0 = Release|x64
		{CBC45DF8-0855-4040-A589-138387B39A80}.Release|x64.Deploy.0 = Release|x64
		{CBC45DF8-0855-4040-A589-138387B39A80}.Release|x86.ActiveCfg = Release|x86
		{CBC45DF8-0855-4040-A589-138387B39A80}.Release|x86.Build.0 = Release|x86
		{CBC45DF8-0855-4040-A589-138387B39A80}.Release|x86.Deploy.0 = Release|x86
		{20B8E675-19CB-479F-BE35-53D34A367862}.Debug|Any CPU.ActiveCfg = Debug|Any CPU
		{20B8E675-19CB-479F-BE35-53D34A367862}.Debug|Any CPU.Build.0 = Debug|Any CPU
		{20B8E675-19CB-479F-BE35-53D34A367862}.Debug|arm64.ActiveCfg = Debug|Any CPU
		{20B8E675-19CB-479F-BE35-53D34A367862}.Debug|arm64.Build.0 = Debug|Any CPU
		{20B8E675-19CB-479F-BE35-53D34A367862}.Debug|x64.ActiveCfg = Debug|Any CPU
		{20B8E675-19CB-479F-BE35-53D34A367862}.Debug|x64.Build.0 = Debug|Any CPU
		{20B8E675-19CB-479F-BE35-53D34A367862}.Debug|x86.ActiveCfg = Debug|Any CPU
		{20B8E675-19CB-479F-BE35-53D34A367862}.Debug|x86.Build.0 = Debug|Any CPU
		{20B8E675-19CB-479F-BE35-53D34A367862}.Release|Any CPU.ActiveCfg = Release|Any CPU
		{20B8E675-19CB-479F-BE35-53D34A367862}.Release|Any CPU.Build.0 = Release|Any CPU
		{20B8E675-19CB-479F-BE35-53D34A367862}.Release|arm64.ActiveCfg = Release|Any CPU
		{20B8E675-19CB-479F-BE35-53D34A367862}.Release|arm64.Build.0 = Release|Any CPU
		{20B8E675-19CB-479F-BE35-53D34A367862}.Release|x64.ActiveCfg = Release|Any CPU
		{20B8E675-19CB-479F-BE35-53D34A367862}.Release|x64.Build.0 = Release|Any CPU
		{20B8E675-19CB-479F-BE35-53D34A367862}.Release|x86.ActiveCfg = Release|Any CPU
		{20B8E675-19CB-479F-BE35-53D34A367862}.Release|x86.Build.0 = Release|Any CPU
		{91D071C1-58A8-45CD-96B7-6A489867E0FE}.Debug|Any CPU.ActiveCfg = Debug|Any CPU
		{91D071C1-58A8-45CD-96B7-6A489867E0FE}.Debug|Any CPU.Build.0 = Debug|Any CPU
		{91D071C1-58A8-45CD-96B7-6A489867E0FE}.Debug|arm64.ActiveCfg = Debug|Any CPU
		{91D071C1-58A8-45CD-96B7-6A489867E0FE}.Debug|arm64.Build.0 = Debug|Any CPU
		{91D071C1-58A8-45CD-96B7-6A489867E0FE}.Debug|x64.ActiveCfg = Debug|Any CPU
		{91D071C1-58A8-45CD-96B7-6A489867E0FE}.Debug|x64.Build.0 = Debug|Any CPU
		{91D071C1-58A8-45CD-96B7-6A489867E0FE}.Debug|x86.ActiveCfg = Debug|Any CPU
		{91D071C1-58A8-45CD-96B7-6A489867E0FE}.Debug|x86.Build.0 = Debug|Any CPU
		{91D071C1-58A8-45CD-96B7-6A489867E0FE}.Release|Any CPU.ActiveCfg = Release|Any CPU
		{91D071C1-58A8-45CD-96B7-6A489867E0FE}.Release|Any CPU.Build.0 = Release|Any CPU
		{91D071C1-58A8-45CD-96B7-6A489867E0FE}.Release|arm64.ActiveCfg = Release|Any CPU
		{91D071C1-58A8-45CD-96B7-6A489867E0FE}.Release|arm64.Build.0 = Release|Any CPU
		{91D071C1-58A8-45CD-96B7-6A489867E0FE}.Release|x64.ActiveCfg = Release|Any CPU
		{91D071C1-58A8-45CD-96B7-6A489867E0FE}.Release|x64.Build.0 = Release|Any CPU
		{91D071C1-58A8-45CD-96B7-6A489867E0FE}.Release|x86.ActiveCfg = Release|Any CPU
		{91D071C1-58A8-45CD-96B7-6A489867E0FE}.Release|x86.Build.0 = Release|Any CPU
		{71F9F6EC-3A78-4444-875F-21DF5703C417}.Debug|Any CPU.ActiveCfg = Debug|Any CPU
		{71F9F6EC-3A78-4444-875F-21DF5703C417}.Debug|Any CPU.Build.0 = Debug|Any CPU
		{71F9F6EC-3A78-4444-875F-21DF5703C417}.Debug|arm64.ActiveCfg = Debug|Any CPU
		{71F9F6EC-3A78-4444-875F-21DF5703C417}.Debug|arm64.Build.0 = Debug|Any CPU
		{71F9F6EC-3A78-4444-875F-21DF5703C417}.Debug|x64.ActiveCfg = Debug|Any CPU
		{71F9F6EC-3A78-4444-875F-21DF5703C417}.Debug|x64.Build.0 = Debug|Any CPU
		{71F9F6EC-3A78-4444-875F-21DF5703C417}.Debug|x86.ActiveCfg = Debug|Any CPU
		{71F9F6EC-3A78-4444-875F-21DF5703C417}.Debug|x86.Build.0 = Debug|Any CPU
		{71F9F6EC-3A78-4444-875F-21DF5703C417}.Release|Any CPU.ActiveCfg = Release|Any CPU
		{71F9F6EC-3A78-4444-875F-21DF5703C417}.Release|Any CPU.Build.0 = Release|Any CPU
		{71F9F6EC-3A78-4444-875F-21DF5703C417}.Release|arm64.ActiveCfg = Release|Any CPU
		{71F9F6EC-3A78-4444-875F-21DF5703C417}.Release|arm64.Build.0 = Release|Any CPU
		{71F9F6EC-3A78-4444-875F-21DF5703C417}.Release|x64.ActiveCfg = Release|Any CPU
		{71F9F6EC-3A78-4444-875F-21DF5703C417}.Release|x64.Build.0 = Release|Any CPU
		{71F9F6EC-3A78-4444-875F-21DF5703C417}.Release|x86.ActiveCfg = Release|Any CPU
		{71F9F6EC-3A78-4444-875F-21DF5703C417}.Release|x86.Build.0 = Release|Any CPU
		{0FF06B3B-130D-402D-AC85-509992F778BE}.Debug|Any CPU.ActiveCfg = Debug|Any CPU
		{0FF06B3B-130D-402D-AC85-509992F778BE}.Debug|Any CPU.Build.0 = Debug|Any CPU
		{0FF06B3B-130D-402D-AC85-509992F778BE}.Debug|arm64.ActiveCfg = Debug|Any CPU
		{0FF06B3B-130D-402D-AC85-509992F778BE}.Debug|arm64.Build.0 = Debug|Any CPU
		{0FF06B3B-130D-402D-AC85-509992F778BE}.Debug|x64.ActiveCfg = Debug|Any CPU
		{0FF06B3B-130D-402D-AC85-509992F778BE}.Debug|x64.Build.0 = Debug|Any CPU
		{0FF06B3B-130D-402D-AC85-509992F778BE}.Debug|x86.ActiveCfg = Debug|Any CPU
		{0FF06B3B-130D-402D-AC85-509992F778BE}.Debug|x86.Build.0 = Debug|Any CPU
		{0FF06B3B-130D-402D-AC85-509992F778BE}.Release|Any CPU.ActiveCfg = Release|Any CPU
		{0FF06B3B-130D-402D-AC85-509992F778BE}.Release|Any CPU.Build.0 = Release|Any CPU
		{0FF06B3B-130D-402D-AC85-509992F778BE}.Release|arm64.ActiveCfg = Release|Any CPU
		{0FF06B3B-130D-402D-AC85-509992F778BE}.Release|arm64.Build.0 = Release|Any CPU
		{0FF06B3B-130D-402D-AC85-509992F778BE}.Release|x64.ActiveCfg = Release|Any CPU
		{0FF06B3B-130D-402D-AC85-509992F778BE}.Release|x64.Build.0 = Release|Any CPU
		{0FF06B3B-130D-402D-AC85-509992F778BE}.Release|x86.ActiveCfg = Release|Any CPU
		{0FF06B3B-130D-402D-AC85-509992F778BE}.Release|x86.Build.0 = Release|Any CPU
		{59439542-E33B-461A-9C76-88F18B04AE58}.Debug|Any CPU.ActiveCfg = Debug|Any CPU
		{59439542-E33B-461A-9C76-88F18B04AE58}.Debug|Any CPU.Build.0 = Debug|Any CPU
		{59439542-E33B-461A-9C76-88F18B04AE58}.Debug|arm64.ActiveCfg = Debug|Any CPU
		{59439542-E33B-461A-9C76-88F18B04AE58}.Debug|arm64.Build.0 = Debug|Any CPU
		{59439542-E33B-461A-9C76-88F18B04AE58}.Debug|x64.ActiveCfg = Debug|Any CPU
		{59439542-E33B-461A-9C76-88F18B04AE58}.Debug|x64.Build.0 = Debug|Any CPU
		{59439542-E33B-461A-9C76-88F18B04AE58}.Debug|x86.ActiveCfg = Debug|Any CPU
		{59439542-E33B-461A-9C76-88F18B04AE58}.Debug|x86.Build.0 = Debug|Any CPU
		{59439542-E33B-461A-9C76-88F18B04AE58}.Release|Any CPU.ActiveCfg = Release|Any CPU
		{59439542-E33B-461A-9C76-88F18B04AE58}.Release|Any CPU.Build.0 = Release|Any CPU
		{59439542-E33B-461A-9C76-88F18B04AE58}.Release|arm64.ActiveCfg = Release|Any CPU
		{59439542-E33B-461A-9C76-88F18B04AE58}.Release|arm64.Build.0 = Release|Any CPU
		{59439542-E33B-461A-9C76-88F18B04AE58}.Release|x64.ActiveCfg = Release|Any CPU
		{59439542-E33B-461A-9C76-88F18B04AE58}.Release|x64.Build.0 = Release|Any CPU
		{59439542-E33B-461A-9C76-88F18B04AE58}.Release|x86.ActiveCfg = Release|Any CPU
		{59439542-E33B-461A-9C76-88F18B04AE58}.Release|x86.Build.0 = Release|Any CPU
	EndGlobalSection
	GlobalSection(SolutionProperties) = preSolution
		HideSolutionNode = FALSE
	EndGlobalSection
	GlobalSection(NestedProjects) = preSolution
		{CBC45DF8-0855-4040-A589-138387B39A80} = {C9976488-FE1C-4730-B0A1-568E4F296488}
		{20B8E675-19CB-479F-BE35-53D34A367862} = {C9976488-FE1C-4730-B0A1-568E4F296488}
		{91D071C1-58A8-45CD-96B7-6A489867E0FE} = {99A70195-9B23-4278-B02E-8A2324E5DC7F}
		{71F9F6EC-3A78-4444-875F-21DF5703C417} = {99A70195-9B23-4278-B02E-8A2324E5DC7F}
		{0FF06B3B-130D-402D-AC85-509992F778BE} = {5E6F3172-6000-425D-ADF7-623B72A9305F}
		{59439542-E33B-461A-9C76-88F18B04AE58} = {5E6F3172-6000-425D-ADF7-623B72A9305F}
	EndGlobalSection
	GlobalSection(ExtensibilityGlobals) = postSolution
		SolutionGuid = {AE46BBFE-1AAE-4781-9F65-010718D2EA46}
	EndGlobalSection
EndGlobal
