
Microsoft Visual Studio Solution File, Format Version 12.00
# Visual Studio Version 17
VisualStudioVersion = 17.10.35013.160
MinimumVisualStudioVersion = 10.0.40219.1
Project("{9A19103F-16F7-4668-BE54-9A1E7A4F7556}") = "UnoWebNavigationIssue", "UnoWebNavigationIssue\UnoWebNavigationIssue.csproj", "{2911E707-FF8A-4739-B4A7-4ABFB22A17EE}"
EndProject
Project("{2150E333-8FDC-42A3-9474-1A3956D46DE8}") = "Solution Items", "Solution Items", "{F8307E8E-996F-4E1C-BE4A-ECF46C11DE5B}"
	ProjectSection(SolutionItems) = preProject
		.gitignore = .gitignore
		Directory.Build.props = Directory.Build.props
		Directory.Build.targets = Directory.Build.targets
		Directory.Packages.props = Directory.Packages.props
		global.json = global.json
		README.md = README.md
		VSSL.ruleset = VSSL.ruleset
	EndProjectSection
EndProject
Project("{9A19103F-16F7-4668-BE54-9A1E7A4F7556}") = "ServiceInterfaces", "ServiceInterfaces\ServiceInterfaces.csproj", "{351D3DEB-B0E6-4037-8813-312A049E4F64}"
EndProject
Project("{9A19103F-16F7-4668-BE54-9A1E7A4F7556}") = "ServicesX", "ServicesX\ServicesX.csproj", "{0A9CF181-4A64-48FB-A7E0-4CCC4DFC9E22}"
EndProject
Project("{9A19103F-16F7-4668-BE54-9A1E7A4F7556}") = "ViewModelInterfaces", "ViewModelInterfaces\ViewModelInterfaces.csproj", "{318BE671-8BEF-4942-89A2-4E74F8435F8E}"
EndProject
Project("{9A19103F-16F7-4668-BE54-9A1E7A4F7556}") = "ViewModels", "ViewModels\ViewModels.csproj", "{859406FE-C203-4DEE-8D4F-AEEF6DE5391C}"
EndProject
Global
	GlobalSection(SolutionConfigurationPlatforms) = preSolution
		Debug|Any CPU = Debug|Any CPU
		Release|Any CPU = Release|Any CPU
	EndGlobalSection
	GlobalSection(ProjectConfigurationPlatforms) = postSolution
		{2911E707-FF8A-4739-B4A7-4ABFB22A17EE}.Debug|Any CPU.ActiveCfg = Debug|Any CPU
		{2911E707-FF8A-4739-B4A7-4ABFB22A17EE}.Debug|Any CPU.Build.0 = Debug|Any CPU
		{2911E707-FF8A-4739-B4A7-4ABFB22A17EE}.Debug|Any CPU.Deploy.0 = Debug|Any CPU
		{2911E707-FF8A-4739-B4A7-4ABFB22A17EE}.Release|Any CPU.ActiveCfg = Release|Any CPU
		{2911E707-FF8A-4739-B4A7-4ABFB22A17EE}.Release|Any CPU.Build.0 = Release|Any CPU
		{2911E707-FF8A-4739-B4A7-4ABFB22A17EE}.Release|Any CPU.Deploy.0 = Release|Any CPU
		{351D3DEB-B0E6-4037-8813-312A049E4F64}.Debug|Any CPU.ActiveCfg = Debug|Any CPU
		{351D3DEB-B0E6-4037-8813-312A049E4F64}.Debug|Any CPU.Build.0 = Debug|Any CPU
		{351D3DEB-B0E6-4037-8813-312A049E4F64}.Release|Any CPU.ActiveCfg = Release|Any CPU
		{351D3DEB-B0E6-4037-8813-312A049E4F64}.Release|Any CPU.Build.0 = Release|Any CPU
		{0A9CF181-4A64-48FB-A7E0-4CCC4DFC9E22}.Debug|Any CPU.ActiveCfg = Debug|Any CPU
		{0A9CF181-4A64-48FB-A7E0-4CCC4DFC9E22}.Debug|Any CPU.Build.0 = Debug|Any CPU
		{0A9CF181-4A64-48FB-A7E0-4CCC4DFC9E22}.Release|Any CPU.ActiveCfg = Release|Any CPU
		{0A9CF181-4A64-48FB-A7E0-4CCC4DFC9E22}.Release|Any CPU.Build.0 = Release|Any CPU
		{318BE671-8BEF-4942-89A2-4E74F8435F8E}.Debug|Any CPU.ActiveCfg = Debug|Any CPU
		{318BE671-8BEF-4942-89A2-4E74F8435F8E}.Debug|Any CPU.Build.0 = Debug|Any CPU
		{318BE671-8BEF-4942-89A2-4E74F8435F8E}.Release|Any CPU.ActiveCfg = Release|Any CPU
		{318BE671-8BEF-4942-89A2-4E74F8435F8E}.Release|Any CPU.Build.0 = Release|Any CPU
		{859406FE-C203-4DEE-8D4F-AEEF6DE5391C}.Debug|Any CPU.ActiveCfg = Debug|Any CPU
		{859406FE-C203-4DEE-8D4F-AEEF6DE5391C}.Debug|Any CPU.Build.0 = Debug|Any CPU
		{859406FE-C203-4DEE-8D4F-AEEF6DE5391C}.Release|Any CPU.ActiveCfg = Release|Any CPU
		{859406FE-C203-4DEE-8D4F-AEEF6DE5391C}.Release|Any CPU.Build.0 = Release|Any CPU
	EndGlobalSection
	GlobalSection(SolutionProperties) = preSolution
		HideSolutionNode = FALSE
	EndGlobalSection
	GlobalSection(ExtensibilityGlobals) = postSolution
		SolutionGuid = {3A19654B-3664-4C14-948F-FF3E20EAA03F}
	EndGlobalSection
EndGlobal
